
Microsoft Visual Studio Solution File, Format Version 12.00
# Visual Studio Version 17
VisualStudioVersion = 17.8.34322.80
MinimumVisualStudioVersion = 10.0.40219.1
Project("{9A19103F-16F7-4668-BE54-9A1E7A4F7556}") = "StudentManagementSystem", "StudentManagementSystem.csproj", "{13AB9B83-2BC2-4ED8-A210-4C910123D881}"
EndProject
Project("{FAE04EC0-301F-11D3-BF4B-00C04F79EFBC}") = "StudentManagementAppTest", "..\StudentManagementAppTest\StudentManagementAppTest.csproj", "{D7C56485-3F1F-497E-A6B6-DD3F86F41A6A}"
EndProject
Global
	GlobalSection(SolutionConfigurationPlatforms) = preSolution
		Debug|Any CPU = Debug|Any CPU
		Release|Any CPU = Release|Any CPU
	EndGlobalSection
	GlobalSection(ProjectConfigurationPlatforms) = postSolution
		{13AB9B83-2BC2-4ED8-A210-4C910123D881}.Debug|Any CPU.ActiveCfg = Debug|Any CPU
		{13AB9B83-2BC2-4ED8-A210-4C910123D881}.Debug|Any CPU.Build.0 = Debug|Any CPU
		{13AB9B83-2BC2-4ED8-A210-4C910123D881}.Release|Any CPU.ActiveCfg = Release|Any CPU
		{13AB9B83-2BC2-4ED8-A210-4C910123D881}.Release|Any CPU.Build.0 = Release|Any CPU
		{D7C56485-3F1F-497E-A6B6-DD3F86F41A6A}.Debug|Any CPU.ActiveCfg = Debug|Any CPU
		{D7C56485-3F1F-497E-A6B6-DD3F86F41A6A}.Debug|Any CPU.Build.0 = Debug|Any CPU
		{D7C56485-3F1F-497E-A6B6-DD3F86F41A6A}.Release|Any CPU.ActiveCfg = Release|Any CPU
		{D7C56485-3F1F-497E-A6B6-DD3F86F41A6A}.Release|Any CPU.Build.0 = Release|Any CPU
	EndGlobalSection
	GlobalSection(SolutionProperties) = preSolution
		HideSolutionNode = FALSE
	EndGlobalSection
	GlobalSection(ExtensibilityGlobals) = postSolution
		SolutionGuid = {5AC8483B-C423-4AC0-A45E-2151C04D3EB9}
	EndGlobalSection
EndGlobal
